
Microsoft Visual Studio Solution File, Format Version 12.00
# Visual Studio Version 17
VisualStudioVersion = 17.10.35122.118
MinimumVisualStudioVersion = 10.0.40219.1
Project("{FAE04EC0-301F-11D3-BF4B-00C04F79EFBC}") = "MauiApp1", "MauiApp1\MauiApp1.csproj", "{6687E229-2B03-41A1-BD0C-648109070C2B}"
EndProject
Global
	GlobalSection(SolutionConfigurationPlatforms) = preSolution
		Debug|Any CPU = Debug|Any CPU
		Release|Any CPU = Release|Any CPU
	EndGlobalSection
	GlobalSection(ProjectConfigurationPlatforms) = postSolution
		{6687E229-2B03-41A1-BD0C-648109070C2B}.Debug|Any CPU.ActiveCfg = Debug|Any CPU
		{6687E229-2B03-41A1-BD0C-648109070C2B}.Debug|Any CPU.Build.0 = Debug|Any CPU
		{6687E229-2B03-41A1-BD0C-648109070C2B}.Debug|Any CPU.Deploy.0 = Debug|Any CPU
		{6687E229-2B03-41A1-BD0C-648109070C2B}.Release|Any CPU.ActiveCfg = Release|Any CPU
		{6687E229-2B03-41A1-BD0C-648109070C2B}.Release|Any CPU.Build.0 = Release|Any CPU
		{6687E229-2B03-41A1-BD0C-648109070C2B}.Release|Any CPU.Deploy.0 = Release|Any CPU
	EndGlobalSection
	GlobalSection(SolutionProperties) = preSolution
		HideSolutionNode = FALSE
	EndGlobalSection
	GlobalSection(ExtensibilityGlobals) = postSolution
		SolutionGuid = {D28F234D-A590-4DC0-B15D-2BDC75C2A851}
	EndGlobalSection
EndGlobal
